<Solution>
  <Folder Name="/src/">
    <Project Path="src/WakeWord.Core/WakeWord.Core.csproj" />
    <Project Path="src/WakeWord.Onnx/WakeWord.Onnx.csproj" />
    <Project Path="src/WakeWord.Recorder/WakeWord.Recorder.csproj" />
    <Project Path="src/WakeWord.TokenBroker/WakeWord.TokenBroker.csproj" />
  </Folder>
  <Folder Name="/tests/">
    <Project Path="tests/WakeWord.Core.Tests/WakeWord.Core.Tests.csproj" />
    <Project Path="tests/WakeWord.Onnx.Tests/WakeWord.Onnx.Tests.csproj" />
    <Project Path="tests/WakeWord.Recorder.Tests/WakeWord.Recorder.Tests.csproj" />
    <Project Path="tests/WakeWord.TokenBroker.Tests/WakeWord.TokenBroker.Tests.csproj" />
  </Folder>
</Solution>
